
Microsoft Visual Studio Solution File, Format Version 12.00
# Visual Studio 14
VisualStudioVersion = 14.0.23107.0
MinimumVisualStudioVersion = 10.0.40219.1
Project("{2150E333-8FDC-42A3-9474-1A3956D46DE8}") = "Basic", "Basic", "{405F348C-5801-4761-8987-6170F57AB526}"
EndProject
Project("{2150E333-8FDC-42A3-9474-1A3956D46DE8}") = "Advanced", "Advanced", "{E9181BC7-3E07-49B1-AD7B-0F0161FEC726}"
EndProject
Project("{2150E333-8FDC-42A3-9474-1A3956D46DE8}") = "Top", "Top", "{7A70FD65-B021-40AE-B2C1-3F37A4532721}"
EndProject
Project("{8BC9CEB8-8B4A-11D0-8D11-00A0C91BC942}") = "1001. A+B Format (20)", "src\1001. A+B Format (20)\1001. A+B Format (20).vcxproj", "{C2A196CB-4944-4C8F-810B-746AB64ECA3B}"
EndProject
Global
	GlobalSection(SolutionConfigurationPlatforms) = preSolution
		Debug|x64 = Debug|x64
		Debug|x86 = Debug|x86
		Release|x64 = Release|x64
		Release|x86 = Release|x86
	EndGlobalSection
	GlobalSection(ProjectConfigurationPlatforms) = postSolution
		{C2A196CB-4944-4C8F-810B-746AB64ECA3B}.Debug|x64.ActiveCfg = Debug|x64
		{C2A196CB-4944-4C8F-810B-746AB64ECA3B}.Debug|x64.Build.0 = Debug|x64
		{C2A196CB-4944-4C8F-810B-746AB64ECA3B}.Debug|x86.ActiveCfg = Debug|Win32
		{C2A196CB-4944-4C8F-810B-746AB64ECA3B}.Debug|x86.Build.0 = Debug|Win32
		{C2A196CB-4944-4C8F-810B-746AB64ECA3B}.Release|x64.ActiveCfg = Release|x64
		{C2A196CB-4944-4C8F-810B-746AB64ECA3B}.Release|x64.Build.0 = Release|x64
		{C2A196CB-4944-4C8F-810B-746AB64ECA3B}.Release|x86.ActiveCfg = Release|Win32
		{C2A196CB-4944-4C8F-810B-746AB64ECA3B}.Release|x86.Build.0 = Release|Win32
	EndGlobalSection
	GlobalSection(SolutionProperties) = preSolution
		HideSolutionNode = FALSE
	EndGlobalSection
	GlobalSection(NestedProjects) = preSolution
		{C2A196CB-4944-4C8F-810B-746AB64ECA3B} = {E9181BC7-3E07-49B1-AD7B-0F0161FEC726}
	EndGlobalSection
EndGlobal
