
Microsoft Visual Studio Solution File, Format Version 12.00
# Visual Studio 14
VisualStudioVersion = 14.0.23107.0
MinimumVisualStudioVersion = 10.0.40219.1
Project("{2150E333-8FDC-42A3-9474-1A3956D46DE8}") = "Basic", "Basic", "{405F348C-5801-4761-8987-6170F57AB526}"
EndProject
Project("{2150E333-8FDC-42A3-9474-1A3956D46DE8}") = "Advanced", "Advanced", "{E9181BC7-3E07-49B1-AD7B-0F0161FEC726}"
EndProject
Project("{2150E333-8FDC-42A3-9474-1A3956D46DE8}") = "Top", "Top", "{7A70FD65-B021-40AE-B2C1-3F37A4532721}"
EndProject
Project("{8BC9CEB8-8B4A-11D0-8D11-00A0C91BC942}") = "1001. A+B Format (20)", "src\1001. A+B Format (20)\1001. A+B Format (20).vcxproj", "{C2A196CB-4944-4C8F-810B-746AB64ECA3B}"
EndProject
Project("{8BC9CEB8-8B4A-11D0-8D11-00A0C91BC942}") = "1002. A+B for Polynomials (25)", "src\1002. A+B for Polynomials (25)\1002. A+B for Polynomials (25).vcxproj", "{BE8589CF-5BEC-4E49-BF82-963CB1BDF22D}"
EndProject
Project("{8BC9CEB8-8B4A-11D0-8D11-00A0C91BC942}") = "1005. Spell It Right (20)", "src\1005. Spell It Right (20)\1005. Spell It Right (20).vcxproj", "{BCCFA856-B70D-4CD3-9B16-E122E741B912}"
EndProject
Project("{8BC9CEB8-8B4A-11D0-8D11-00A0C91BC942}") = "1006. Sign In and Sign Out (25)", "src\1006. Sign In and Sign Out (25)\1006. Sign In and Sign Out (25).vcxproj", "{7E51F18F-9568-4DEC-BFFF-7C3657F5D33F}"
EndProject
Project("{8BC9CEB8-8B4A-11D0-8D11-00A0C91BC942}") = "1008. Elevator (20)", "src\1008. Elevator (20)\1008. Elevator (20).vcxproj", "{642D00B4-F66D-49CF-B588-2B84A0C55EAF}"
EndProject
Project("{8BC9CEB8-8B4A-11D0-8D11-00A0C91BC942}") = "1009. Product of Polynomials (25)", "src\1009. Product of Polynomials (25)\1009. Product of Polynomials (25).vcxproj", "{650E77A6-DC07-4D81-99DC-E8647DEBD574}"
EndProject
Project("{8BC9CEB8-8B4A-11D0-8D11-00A0C91BC942}") = "1100. Mars Numbers (20)", "src\1100. Mars Numbers (20)\1100. Mars Numbers (20).vcxproj", "{271EE1A6-8789-420A-B772-53AF519635AE}"
EndProject
Global
	GlobalSection(SolutionConfigurationPlatforms) = preSolution
		Debug|x64 = Debug|x64
		Debug|x86 = Debug|x86
		Release|x64 = Release|x64
		Release|x86 = Release|x86
	EndGlobalSection
	GlobalSection(ProjectConfigurationPlatforms) = postSolution
		{C2A196CB-4944-4C8F-810B-746AB64ECA3B}.Debug|x64.ActiveCfg = Debug|x64
		{C2A196CB-4944-4C8F-810B-746AB64ECA3B}.Debug|x64.Build.0 = Debug|x64
		{C2A196CB-4944-4C8F-810B-746AB64ECA3B}.Debug|x86.ActiveCfg = Debug|Win32
		{C2A196CB-4944-4C8F-810B-746AB64ECA3B}.Debug|x86.Build.0 = Debug|Win32
		{C2A196CB-4944-4C8F-810B-746AB64ECA3B}.Release|x64.ActiveCfg = Release|x64
		{C2A196CB-4944-4C8F-810B-746AB64ECA3B}.Release|x64.Build.0 = Release|x64
		{C2A196CB-4944-4C8F-810B-746AB64ECA3B}.Release|x86.ActiveCfg = Release|Win32
		{C2A196CB-4944-4C8F-810B-746AB64ECA3B}.Release|x86.Build.0 = Release|Win32
		{BE8589CF-5BEC-4E49-BF82-963CB1BDF22D}.Debug|x64.ActiveCfg = Debug|x64
		{BE8589CF-5BEC-4E49-BF82-963CB1BDF22D}.Debug|x64.Build.0 = Debug|x64
		{BE8589CF-5BEC-4E49-BF82-963CB1BDF22D}.Debug|x86.ActiveCfg = Debug|Win32
		{BE8589CF-5BEC-4E49-BF82-963CB1BDF22D}.Debug|x86.Build.0 = Debug|Win32
		{BE8589CF-5BEC-4E49-BF82-963CB1BDF22D}.Release|x64.ActiveCfg = Release|x64
		{BE8589CF-5BEC-4E49-BF82-963CB1BDF22D}.Release|x64.Build.0 = Release|x64
		{BE8589CF-5BEC-4E49-BF82-963CB1BDF22D}.Release|x86.ActiveCfg = Release|Win32
		{BE8589CF-5BEC-4E49-BF82-963CB1BDF22D}.Release|x86.Build.0 = Release|Win32
		{BCCFA856-B70D-4CD3-9B16-E122E741B912}.Debug|x64.ActiveCfg = Debug|x64
		{BCCFA856-B70D-4CD3-9B16-E122E741B912}.Debug|x64.Build.0 = Debug|x64
		{BCCFA856-B70D-4CD3-9B16-E122E741B912}.Debug|x86.ActiveCfg = Debug|Win32
		{BCCFA856-B70D-4CD3-9B16-E122E741B912}.Debug|x86.Build.0 = Debug|Win32
		{BCCFA856-B70D-4CD3-9B16-E122E741B912}.Release|x64.ActiveCfg = Release|x64
		{BCCFA856-B70D-4CD3-9B16-E122E741B912}.Release|x64.Build.0 = Release|x64
		{BCCFA856-B70D-4CD3-9B16-E122E741B912}.Release|x86.ActiveCfg = Release|Win32
		{BCCFA856-B70D-4CD3-9B16-E122E741B912}.Release|x86.Build.0 = Release|Win32
		{7E51F18F-9568-4DEC-BFFF-7C3657F5D33F}.Debug|x64.ActiveCfg = Debug|x64
		{7E51F18F-9568-4DEC-BFFF-7C3657F5D33F}.Debug|x64.Build.0 = Debug|x64
		{7E51F18F-9568-4DEC-BFFF-7C3657F5D33F}.Debug|x86.ActiveCfg = Debug|Win32
		{7E51F18F-9568-4DEC-BFFF-7C3657F5D33F}.Debug|x86.Build.0 = Debug|Win32
		{7E51F18F-9568-4DEC-BFFF-7C3657F5D33F}.Release|x64.ActiveCfg = Release|x64
		{7E51F18F-9568-4DEC-BFFF-7C3657F5D33F}.Release|x64.Build.0 = Release|x64
		{7E51F18F-9568-4DEC-BFFF-7C3657F5D33F}.Release|x86.ActiveCfg = Release|Win32
		{7E51F18F-9568-4DEC-BFFF-7C3657F5D33F}.Release|x86.Build.0 = Release|Win32
		{642D00B4-F66D-49CF-B588-2B84A0C55EAF}.Debug|x64.ActiveCfg = Debug|x64
		{642D00B4-F66D-49CF-B588-2B84A0C55EAF}.Debug|x64.Build.0 = Debug|x64
		{642D00B4-F66D-49CF-B588-2B84A0C55EAF}.Debug|x86.ActiveCfg = Debug|Win32
		{642D00B4-F66D-49CF-B588-2B84A0C55EAF}.Debug|x86.Build.0 = Debug|Win32
		{642D00B4-F66D-49CF-B588-2B84A0C55EAF}.Release|x64.ActiveCfg = Release|x64
		{642D00B4-F66D-49CF-B588-2B84A0C55EAF}.Release|x64.Build.0 = Release|x64
		{642D00B4-F66D-49CF-B588-2B84A0C55EAF}.Release|x86.ActiveCfg = Release|Win32
		{642D00B4-F66D-49CF-B588-2B84A0C55EAF}.Release|x86.Build.0 = Release|Win32
		{650E77A6-DC07-4D81-99DC-E8647DEBD574}.Debug|x64.ActiveCfg = Debug|x64
		{650E77A6-DC07-4D81-99DC-E8647DEBD574}.Debug|x64.Build.0 = Debug|x64
		{650E77A6-DC07-4D81-99DC-E8647DEBD574}.Debug|x86.ActiveCfg = Debug|Win32
		{650E77A6-DC07-4D81-99DC-E8647DEBD574}.Debug|x86.Build.0 = Debug|Win32
		{650E77A6-DC07-4D81-99DC-E8647DEBD574}.Release|x64.ActiveCfg = Release|x64
		{650E77A6-DC07-4D81-99DC-E8647DEBD574}.Release|x64.Build.0 = Release|x64
		{650E77A6-DC07-4D81-99DC-E8647DEBD574}.Release|x86.ActiveCfg = Release|Win32
		{650E77A6-DC07-4D81-99DC-E8647DEBD574}.Release|x86.Build.0 = Release|Win32
		{271EE1A6-8789-420A-B772-53AF519635AE}.Debug|x64.ActiveCfg = Debug|x64
		{271EE1A6-8789-420A-B772-53AF519635AE}.Debug|x64.Build.0 = Debug|x64
		{271EE1A6-8789-420A-B772-53AF519635AE}.Debug|x86.ActiveCfg = Debug|Win32
		{271EE1A6-8789-420A-B772-53AF519635AE}.Debug|x86.Build.0 = Debug|Win32
		{271EE1A6-8789-420A-B772-53AF519635AE}.Release|x64.ActiveCfg = Release|x64
		{271EE1A6-8789-420A-B772-53AF519635AE}.Release|x64.Build.0 = Release|x64
		{271EE1A6-8789-420A-B772-53AF519635AE}.Release|x86.ActiveCfg = Release|Win32
		{271EE1A6-8789-420A-B772-53AF519635AE}.Release|x86.Build.0 = Release|Win32
	EndGlobalSection
	GlobalSection(SolutionProperties) = preSolution
		HideSolutionNode = FALSE
	EndGlobalSection
	GlobalSection(NestedProjects) = preSolution
		{C2A196CB-4944-4C8F-810B-746AB64ECA3B} = {E9181BC7-3E07-49B1-AD7B-0F0161FEC726}
		{BE8589CF-5BEC-4E49-BF82-963CB1BDF22D} = {E9181BC7-3E07-49B1-AD7B-0F0161FEC726}
		{BCCFA856-B70D-4CD3-9B16-E122E741B912} = {E9181BC7-3E07-49B1-AD7B-0F0161FEC726}
		{7E51F18F-9568-4DEC-BFFF-7C3657F5D33F} = {E9181BC7-3E07-49B1-AD7B-0F0161FEC726}
		{642D00B4-F66D-49CF-B588-2B84A0C55EAF} = {E9181BC7-3E07-49B1-AD7B-0F0161FEC726}
		{650E77A6-DC07-4D81-99DC-E8647DEBD574} = {E9181BC7-3E07-49B1-AD7B-0F0161FEC726}
		{271EE1A6-8789-420A-B772-53AF519635AE} = {E9181BC7-3E07-49B1-AD7B-0F0161FEC726}
	EndGlobalSection
EndGlobal
